
Microsoft Visual Studio Solution File, Format Version 12.00
# Visual Studio 14
VisualStudioVersion = 14.0.23107.0
MinimumVisualStudioVersion = 10.0.40219.1
Project("{2150E333-8FDC-42A3-9474-1A3956D46DE8}") = "docs", "docs", "{65578E32-3BC2-4470-8637-6DD1074E4603}"
EndProject
Project("{2150E333-8FDC-42A3-9474-1A3956D46DE8}") = "needs", "needs", "{9FAC3956-8A8F-439C-A2FB-50AEA11792B3}"
EndProject
Project("{2150E333-8FDC-42A3-9474-1A3956D46DE8}") = "design", "design", "{11F98609-4A4B-48CD-9C1A-186883C2C125}"
EndProject
Project("{2150E333-8FDC-42A3-9474-1A3956D46DE8}") = "CSClient", "CSClient", "{8C7F0677-6F4E-4C27-B896-6D299BC5E4FA}"
EndProject
Project("{2150E333-8FDC-42A3-9474-1A3956D46DE8}") = "Framework", "Framework", "{5FD3A571-E4B7-413C-A0A3-7725A70CCC15}"
EndProject
Project("{2150E333-8FDC-42A3-9474-1A3956D46DE8}") = "openfire_customer_userdatabase_config", "openfire_customer_userdatabase_config", "{0D0BC4F3-F049-4BA6-A937-5BD774E767D9}"
	ProjectSection(SolutionItems) = preProject
		docs\部署\openfire_customer_userdatabase_config\openfire.xml = docs\部署\openfire_customer_userdatabase_config\openfire.xml
		docs\部署\openfire_customer_userdatabase_config\openfire2_2015-8-28.sql = docs\部署\openfire_customer_userdatabase_config\openfire2_2015-8-28.sql
	EndProjectSection
EndProject
Project("{2150E333-8FDC-42A3-9474-1A3956D46DE8}") = "deploy", "deploy", "{93755A86-D5F0-4296-A8A5-8A054B24D5EB}"
	ProjectSection(SolutionItems) = preProject
		docs\部署\动词服务分类-(2015-8-19)-表格.xls = docs\部署\动词服务分类-(2015-8-19)-表格.xls
	EndProjectSection
EndProject
Project("{2150E333-8FDC-42A3-9474-1A3956D46DE8}") = "Web", "Web", "{9997B328-FAC6-4192-84BE-BA83D2870CD4}"
EndProject
Project("{E24C65DC-7377-472B-9ABA-BC803B73C61A}") = "AdminWeb", "AdminWeb\", "{16075D17-B45F-4FDE-B48C-FA9534F6FE2D}"
	ProjectSection(WebsiteProperties) = preProject
		TargetFrameworkMoniker = ".NETFramework,Version%3Dv4.0"
		ProjectReferences = "{84187F7C-DD53-4895-A7FF-191E76756009}|Dianzhu.Model.dll;{0974351E-8B26-4B3C-8C4D-7D6F0354BA2C}|Dianzhu.BLL.dll;{2E67AA78-6780-42BD-A3AB-AD953781E511}|Dianzhu.DAL.dll;{0122C6D5-6348-4B65-88B7-3C43A6E642F3}|PHSuit.dll;"
		Debug.AspNetCompiler.VirtualPath = "/AdminWeb"
		Debug.AspNetCompiler.PhysicalPath = "AdminWeb\"
		Debug.AspNetCompiler.TargetPath = "PrecompiledWeb\AdminWeb\"
		Debug.AspNetCompiler.Updateable = "true"
		Debug.AspNetCompiler.ForceOverwrite = "true"
		Debug.AspNetCompiler.FixedNames = "false"
		Debug.AspNetCompiler.Debug = "True"
		Release.AspNetCompiler.VirtualPath = "/AdminWeb"
		Release.AspNetCompiler.PhysicalPath = "AdminWeb\"
		Release.AspNetCompiler.TargetPath = "PrecompiledWeb\AdminWeb\"
		Release.AspNetCompiler.Updateable = "true"
		Release.AspNetCompiler.ForceOverwrite = "true"
		Release.AspNetCompiler.FixedNames = "false"
		Release.AspNetCompiler.Debug = "False"
		VWDPort = "54359"
		VWDVirtualPath = "/"
		SlnRelativePath = "AdminWeb\"
		DefaultWebSiteLanguage = "Visual C#"
	EndProjectSection
EndProject
Project("{FAE04EC0-301F-11D3-BF4B-00C04F79EFBC}") = "Dianzhu.BLL", "Dianzhu.BLL\Dianzhu.BLL.csproj", "{0974351E-8B26-4B3C-8C4D-7D6F0354BA2C}"
EndProject
Project("{FAE04EC0-301F-11D3-BF4B-00C04F79EFBC}") = "Dianzhu.DAL", "Dianzhu.DAL\Dianzhu.DAL.csproj", "{2E67AA78-6780-42BD-A3AB-AD953781E511}"
EndProject
Project("{E24C65DC-7377-472B-9ABA-BC803B73C61A}") = "Dianzhu.HttpApi", "Dianzhu.HttpApi\", "{0D1C0821-004D-4D6B-BB6C-F561895DCC4E}"
	ProjectSection(WebsiteProperties) = preProject
		TargetFrameworkMoniker = ".NETFramework,Version%3Dv4.0"
		ProjectReferences = "{0974351E-8B26-4B3C-8C4D-7D6F0354BA2C}|Dianzhu.BLL.dll;{2E67AA78-6780-42BD-A3AB-AD953781E511}|Dianzhu.DAL.dll;{84187F7C-DD53-4895-A7FF-191E76756009}|Dianzhu.Model.dll;{0122C6D5-6348-4B65-88B7-3C43A6E642F3}|PHSuit.dll;{9920da22-589c-4193-aeaa-363d5c029dfc}|MediaServer.dll;"
		Debug.AspNetCompiler.VirtualPath = "/Dianzhu.HttpApi"
		Debug.AspNetCompiler.PhysicalPath = "Dianzhu.HttpApi\"
		Debug.AspNetCompiler.TargetPath = "PrecompiledWeb\Dianzhu.HttpApi\"
		Debug.AspNetCompiler.Updateable = "true"
		Debug.AspNetCompiler.ForceOverwrite = "true"
		Debug.AspNetCompiler.FixedNames = "false"
		Debug.AspNetCompiler.Debug = "True"
		Release.AspNetCompiler.VirtualPath = "/Dianzhu.HttpApi"
		Release.AspNetCompiler.PhysicalPath = "Dianzhu.HttpApi\"
		Release.AspNetCompiler.TargetPath = "PrecompiledWeb\Dianzhu.HttpApi\"
		Release.AspNetCompiler.Updateable = "true"
		Release.AspNetCompiler.ForceOverwrite = "true"
		Release.AspNetCompiler.FixedNames = "false"
		Release.AspNetCompiler.Debug = "False"
		VWDPort = "6228"
		VWDVirtualPath = "/"
		SlnRelativePath = "Dianzhu.HttpApi\"
	EndProjectSection
EndProject
Project("{FAE04EC0-301F-11D3-BF4B-00C04F79EFBC}") = "Dianzhu.Model", "Dianzhu.Model\Dianzhu.Model.csproj", "{84187F7C-DD53-4895-A7FF-191E76756009}"
EndProject
Project("{FAE04EC0-301F-11D3-BF4B-00C04F79EFBC}") = "Dianzhu.Test", "Dianzhu.Test\Dianzhu.Test.csproj", "{F8D0123D-2E12-4FC6-8A84-EECC0447F8CC}"
EndProject
Project("{E24C65DC-7377-472B-9ABA-BC803B73C61A}") = "AdminBusiness", "AdminBusiness\", "{1E9AFB04-A32C-4FE9-8673-59E9F8F38DB6}"
	ProjectSection(WebsiteProperties) = preProject
		TargetFrameworkMoniker = ".NETFramework,Version%3Dv4.0"
		ProjectReferences = "{0974351e-8b26-4b3c-8c4d-7d6f0354ba2c}|Dianzhu.BLL.dll;{2E67AA78-6780-42BD-A3AB-AD953781E511}|Dianzhu.DAL.dll;{84187F7C-DD53-4895-A7FF-191E76756009}|Dianzhu.Model.dll;{0122C6D5-6348-4B65-88B7-3C43A6E642F3}|PHSuit.dll;"
		Debug.AspNetCompiler.VirtualPath = "/AdminBusiness"
		Debug.AspNetCompiler.PhysicalPath = "AdminBusiness\"
		Debug.AspNetCompiler.TargetPath = "PrecompiledWeb\AdminBusiness\"
		Debug.AspNetCompiler.Updateable = "true"
		Debug.AspNetCompiler.ForceOverwrite = "true"
		Debug.AspNetCompiler.FixedNames = "false"
		Debug.AspNetCompiler.Debug = "True"
		Release.AspNetCompiler.VirtualPath = "/AdminBusiness"
		Release.AspNetCompiler.PhysicalPath = "AdminBusiness\"
		Release.AspNetCompiler.TargetPath = "PrecompiledWeb\AdminBusiness\"
		Release.AspNetCompiler.Updateable = "true"
		Release.AspNetCompiler.ForceOverwrite = "true"
		Release.AspNetCompiler.FixedNames = "false"
		Release.AspNetCompiler.Debug = "False"
		VWDPort = "25404"
		VWDVirtualPath = "/"
		SlnRelativePath = "AdminBusiness\"
		DefaultWebSiteLanguage = "Visual C#"
	EndProjectSection
EndProject
Project("{FAE04EC0-301F-11D3-BF4B-00C04F79EFBC}") = "PHSuit", "PHSuit\PHSuit.csproj", "{0122C6D5-6348-4B65-88B7-3C43A6E642F3}"
EndProject
Project("{E24C65DC-7377-472B-9ABA-BC803B73C61A}") = "Dianzhu.XmppClientWeb", "Dianzhu.XmppClientWeb\", "{4A1A2BC3-DB56-4652-8870-FC7C15FCEC1C}"
	ProjectSection(WebsiteProperties) = preProject
		TargetFrameworkMoniker = ".NETFramework,Version%3Dv4.0"
		Debug.AspNetCompiler.VirtualPath = "/Dianzhu.XmppClientWeb"
		Debug.AspNetCompiler.PhysicalPath = "Dianzhu.XmppClientWeb\"
		Debug.AspNetCompiler.TargetPath = "PrecompiledWeb\Dianzhu.XmppClientWeb\"
		Debug.AspNetCompiler.Updateable = "true"
		Debug.AspNetCompiler.ForceOverwrite = "true"
		Debug.AspNetCompiler.FixedNames = "false"
		Debug.AspNetCompiler.Debug = "True"
		Release.AspNetCompiler.VirtualPath = "/Dianzhu.XmppClientWeb"
		Release.AspNetCompiler.PhysicalPath = "Dianzhu.XmppClientWeb\"
		Release.AspNetCompiler.TargetPath = "PrecompiledWeb\Dianzhu.XmppClientWeb\"
		Release.AspNetCompiler.Updateable = "true"
		Release.AspNetCompiler.ForceOverwrite = "true"
		Release.AspNetCompiler.FixedNames = "false"
		Release.AspNetCompiler.Debug = "False"
		VWDPort = "14610"
		SlnRelativePath = "Dianzhu.XmppClientWeb\"
		DefaultWebSiteLanguage = "Visual C#"
	EndProjectSection
EndProject
Project("{FAE04EC0-301F-11D3-BF4B-00C04F79EFBC}") = "Dianzhu.AdminBusinessMvc", "Dianzhu.AdminBusinessMvc\Dianzhu.AdminBusinessMvc.csproj", "{61F5098D-3C49-4229-956C-E8BF0080A2D5}"
EndProject
Project("{FAE04EC0-301F-11D3-BF4B-00C04F79EFBC}") = "Dianzhu.CSClient", "Dianzhu.CSClient\Dianzhu.CSClient.csproj", "{6A05019E-F3EA-460A-BC05-0336EB3BFCF4}"
EndProject
Project("{FAE04EC0-301F-11D3-BF4B-00C04F79EFBC}") = "Dianzhu.DemoClient", "Dianzhu.DemoClient\Dianzhu.DemoClient.csproj", "{BE4F5CD3-E748-46D9-A9D0-941EF2FA3CDB}"
EndProject
Project("{FAE04EC0-301F-11D3-BF4B-00C04F79EFBC}") = "Dianzhu.CSClient.IVew", "Dianzhu.CSClient.IVew\Dianzhu.CSClient.IVew.csproj", "{755EEA8C-9D5E-406E-83DD-36B3BA4EB158}"
EndProject
Project("{FAE04EC0-301F-11D3-BF4B-00C04F79EFBC}") = "Dianzhu.CSClient.Presenter", "Dianzhu.CSClient.Presenter\Dianzhu.CSClient.Presenter.csproj", "{5AC8D7DE-A53D-4698-8957-C78D9243A793}"
EndProject
Project("{FAE04EC0-301F-11D3-BF4B-00C04F79EFBC}") = "Dianzhu.CSClient.IInstantMessage", "Dianzhu.CSClient.IInstantMessage\Dianzhu.CSClient.IInstantMessage.csproj", "{820A465F-51FB-4F8D-8665-B80F9643281B}"
EndProject
Project("{FAE04EC0-301F-11D3-BF4B-00C04F79EFBC}") = "Dianzhu.CSClient.XMPP", "Dianzhu.CSClient.XMPP\Dianzhu.CSClient.XMPP.csproj", "{125F0D3B-E83C-4743-9944-E82392CBA6C5}"
EndProject
Project("{FAE04EC0-301F-11D3-BF4B-00C04F79EFBC}") = "Dianzhu.CSClient.WinformView", "Dianzhu.CSClient.WinformView\Dianzhu.CSClient.WinformView.csproj", "{0550CABB-3957-45CC-8CC6-9FBEA653B20D}"
EndProject
Project("{FAE04EC0-301F-11D3-BF4B-00C04F79EFBC}") = "Dianzhu.CSClient.IMessageAdapter", "Dianzhu.CSClient.IMessageAdapter\Dianzhu.CSClient.IMessageAdapter.csproj", "{74F0963E-57CA-4D57-899C-D85FF096FE1F}"
EndProject
Project("{FAE04EC0-301F-11D3-BF4B-00C04F79EFBC}") = "Dianzhu.CSClient.MessageAdapter", "Dianzhu.CSClient.MessageAdapter\Dianzhu.CSClient.MessageAdapter.csproj", "{A871C9E1-98A4-412F-A1B3-541189A4C4CF}"
EndProject
Project("{FAE04EC0-301F-11D3-BF4B-00C04F79EFBC}") = "Dianzhu.CSClient.ViewModel", "Dianzhu.CSClient.ViewModel\Dianzhu.CSClient.ViewModel.csproj", "{D7AA114D-AD19-4399-B152-969D240053C7}"
EndProject
Project("{2150E333-8FDC-42A3-9474-1A3956D46DE8}") = "MediaServer", "MediaServer", "{77EDA0B0-8985-4ADB-B34C-BBB2BE6B2B44}"
EndProject
Project("{FAE04EC0-301F-11D3-BF4B-00C04F79EFBC}") = "MediaServer", "MediaServer\MediaServer.csproj", "{9920DA22-589C-4193-AEAA-363D5C029DFC}"
EndProject
Project("{FAE04EC0-301F-11D3-BF4B-00C04F79EFBC}") = "MediaServerTest", "MediaServerTest\MediaServerTest.csproj", "{8970D254-2FE4-4028-81DA-F4311DCB6682}"
EndProject
Project("{E24C65DC-7377-472B-9ABA-BC803B73C61A}") = "MediaServerWeb", "MediaServerWeb\", "{1F8122C3-D5DC-4106-95AD-E0ECD9BE91EB}"
	ProjectSection(WebsiteProperties) = preProject
		TargetFrameworkMoniker = ".NETFramework,Version%3Dv4.5.2"
		ProjectReferences = "{9920da22-589c-4193-aeaa-363d5c029dfc}|MediaServer.dll;{0122C6D5-6348-4B65-88B7-3C43A6E642F3}|PHSuit.dll;"
		Debug.AspNetCompiler.VirtualPath = "/localhost_2762"
		Debug.AspNetCompiler.PhysicalPath = "MediaServerWeb\"
		Debug.AspNetCompiler.TargetPath = "PrecompiledWeb\localhost_2762\"
		Debug.AspNetCompiler.Updateable = "true"
		Debug.AspNetCompiler.ForceOverwrite = "true"
		Debug.AspNetCompiler.FixedNames = "false"
		Debug.AspNetCompiler.Debug = "True"
		Release.AspNetCompiler.VirtualPath = "/localhost_2762"
		Release.AspNetCompiler.PhysicalPath = "MediaServerWeb\"
		Release.AspNetCompiler.TargetPath = "PrecompiledWeb\localhost_2762\"
		Release.AspNetCompiler.Updateable = "true"
		Release.AspNetCompiler.ForceOverwrite = "true"
		Release.AspNetCompiler.FixedNames = "false"
		Release.AspNetCompiler.Debug = "False"
		VWDPort = "2762"
		SlnRelativePath = "MediaServerWeb\"
	EndProjectSection
EndProject
Project("{FAE04EC0-301F-11D3-BF4B-00C04F79EFBC}") = "Dianzhu.CSClient.WPFView2", "Dianzhu.CSClient.WPFView2\Dianzhu.CSClient.WPFView2.csproj", "{CBCC23E1-62A9-46BC-9EBD-3D0C3CB37C89}"
EndProject
Project("{E24C65DC-7377-472B-9ABA-BC803B73C61A}") = "Dianzhu.Web.Pay", "Dianzhu.Web.Pay\", "{FBEC30ED-52CD-49B0-B767-B2EC013796A4}"
	ProjectSection(WebsiteProperties) = preProject
		TargetFrameworkMoniker = ".NETFramework,Version%3Dv4.0"
		ProjectReferences = "{0974351e-8b26-4b3c-8c4d-7d6f0354ba2c}|Dianzhu.BLL.dll;{2E67AA78-6780-42BD-A3AB-AD953781E511}|Dianzhu.DAL.dll;{84187F7C-DD53-4895-A7FF-191E76756009}|Dianzhu.Model.dll;{0122C6D5-6348-4B65-88B7-3C43A6E642F3}|PHSuit.dll;{6819d627-fe58-4e8e-ac89-e0eb01fcfe74}|Dioanzhu.Pay.dll;{74f0963e-57ca-4d57-899c-d85ff096fe1f}|Dianzhu.CSClient.IMessageAdapter.dll;{125f0d3b-e83c-4743-9944-e82392cba6c5}|Dianzhu.CSClient.XMPP.dll;{820A465F-51FB-4F8D-8665-B80F9643281B}|Dianzhu.CSClient.IInstantMessage.dll;{a871c9e1-98a4-412f-a1b3-541189a4c4cf}|Dianzhu.CSClient.MessageAdapter.dll;{1baad173-a641-435a-ad03-0cd0146674b9}|Dianzhu.NotifyCenter.dll;"
		Debug.AspNetCompiler.VirtualPath = "/localhost_12360"
		Debug.AspNetCompiler.PhysicalPath = "Dianzhu.Web.Pay\"
		Debug.AspNetCompiler.TargetPath = "PrecompiledWeb\localhost_12360\"
		Debug.AspNetCompiler.Updateable = "true"
		Debug.AspNetCompiler.ForceOverwrite = "true"
		Debug.AspNetCompiler.FixedNames = "false"
		Debug.AspNetCompiler.Debug = "True"
		Release.AspNetCompiler.VirtualPath = "/localhost_12360"
		Release.AspNetCompiler.PhysicalPath = "Dianzhu.Web.Pay\"
		Release.AspNetCompiler.TargetPath = "PrecompiledWeb\localhost_12360\"
		Release.AspNetCompiler.Updateable = "true"
		Release.AspNetCompiler.ForceOverwrite = "true"
		Release.AspNetCompiler.FixedNames = "false"
		Release.AspNetCompiler.Debug = "False"
		VWDPort = "12360"
		SlnRelativePath = "Dianzhu.Web.Pay\"
		DefaultWebSiteLanguage = "Visual C#"
	EndProjectSection
EndProject
Project("{FAE04EC0-301F-11D3-BF4B-00C04F79EFBC}") = "WPFTest", "WPFTest\WPFTest.csproj", "{CD89BA9A-21E1-4BD3-A7FD-3CB8B93A91C6}"
EndProject
Project("{FAE04EC0-301F-11D3-BF4B-00C04F79EFBC}") = "Dianzhu.Pay", "Dioanzhu.Pay\Dianzhu.Pay.csproj", "{6819D627-FE58-4E8E-AC89-E0EB01FCFE74}"
EndProject
Project("{E24C65DC-7377-472B-9ABA-BC803B73C61A}") = "Dianzhu.Web.Notify", "Dianzhu.Web.Notify\", "{0B7AB42A-DED4-41A7-8A94-265686227268}"
	ProjectSection(WebsiteProperties) = preProject
		TargetFrameworkMoniker = ".NETFramework,Version%3Dv4.5.2"
		ProjectReferences = "{1baad173-a641-435a-ad03-0cd0146674b9}|Dianzhu.Notify.dll;{820A465F-51FB-4F8D-8665-B80F9643281B}|Dianzhu.CSClient.IInstantMessage.dll;{84187F7C-DD53-4895-A7FF-191E76756009}|Dianzhu.Model.dll;{74F0963E-57CA-4D57-899C-D85FF096FE1F}|Dianzhu.CSClient.IMessageAdapter.dll;{A871C9E1-98A4-412F-A1B3-541189A4C4CF}|Dianzhu.CSClient.MessageAdapter.dll;{0974351E-8B26-4B3C-8C4D-7D6F0354BA2C}|Dianzhu.BLL.dll;{2E67AA78-6780-42BD-A3AB-AD953781E511}|Dianzhu.DAL.dll;{0122C6D5-6348-4B65-88B7-3C43A6E642F3}|PHSuit.dll;{125F0D3B-E83C-4743-9944-E82392CBA6C5}|Dianzhu.CSClient.XMPP.dll;"
		Debug.AspNetCompiler.VirtualPath = "/localhost_50182"
		Debug.AspNetCompiler.PhysicalPath = "Dianzhu.Web.Notify\"
		Debug.AspNetCompiler.TargetPath = "PrecompiledWeb\localhost_50182\"
		Debug.AspNetCompiler.Updateable = "true"
		Debug.AspNetCompiler.ForceOverwrite = "true"
		Debug.AspNetCompiler.FixedNames = "false"
		Debug.AspNetCompiler.Debug = "True"
		Release.AspNetCompiler.VirtualPath = "/localhost_50182"
		Release.AspNetCompiler.PhysicalPath = "Dianzhu.Web.Notify\"
		Release.AspNetCompiler.TargetPath = "PrecompiledWeb\localhost_50182\"
		Release.AspNetCompiler.Updateable = "true"
		Release.AspNetCompiler.ForceOverwrite = "true"
		Release.AspNetCompiler.FixedNames = "false"
		Release.AspNetCompiler.Debug = "False"
		VWDPort = "50182"
		SlnRelativePath = "Dianzhu.Web.Notify\"
	EndProjectSection
EndProject
Project("{FAE04EC0-301F-11D3-BF4B-00C04F79EFBC}") = "Dianzhu.Notify", "Dianzhu.Notify\Dianzhu.Notify.csproj", "{1BAAD173-A641-435A-AD03-0CD0146674B9}"
EndProject
Global
	GlobalSection(SolutionConfigurationPlatforms) = preSolution
		Debug|Any CPU = Debug|Any CPU
		Debug|Mixed Platforms = Debug|Mixed Platforms
		Debug|x86 = Debug|x86
		Release|Any CPU = Release|Any CPU
		Release|Mixed Platforms = Release|Mixed Platforms
		Release|x86 = Release|x86
	EndGlobalSection
	GlobalSection(ProjectConfigurationPlatforms) = postSolution
		{16075D17-B45F-4FDE-B48C-FA9534F6FE2D}.Debug|Any CPU.ActiveCfg = Debug|Any CPU
		{16075D17-B45F-4FDE-B48C-FA9534F6FE2D}.Debug|Any CPU.Build.0 = Debug|Any CPU
		{16075D17-B45F-4FDE-B48C-FA9534F6FE2D}.Debug|Mixed Platforms.ActiveCfg = Debug|Any CPU
		{16075D17-B45F-4FDE-B48C-FA9534F6FE2D}.Debug|Mixed Platforms.Build.0 = Debug|Any CPU
		{16075D17-B45F-4FDE-B48C-FA9534F6FE2D}.Debug|x86.ActiveCfg = Debug|Any CPU
		{16075D17-B45F-4FDE-B48C-FA9534F6FE2D}.Release|Any CPU.ActiveCfg = Debug|Any CPU
		{16075D17-B45F-4FDE-B48C-FA9534F6FE2D}.Release|Any CPU.Build.0 = Debug|Any CPU
		{16075D17-B45F-4FDE-B48C-FA9534F6FE2D}.Release|Mixed Platforms.ActiveCfg = Debug|Any CPU
		{16075D17-B45F-4FDE-B48C-FA9534F6FE2D}.Release|Mixed Platforms.Build.0 = Debug|Any CPU
		{16075D17-B45F-4FDE-B48C-FA9534F6FE2D}.Release|x86.ActiveCfg = Debug|Any CPU
		{0974351E-8B26-4B3C-8C4D-7D6F0354BA2C}.Debug|Any CPU.ActiveCfg = Debug|Any CPU
		{0974351E-8B26-4B3C-8C4D-7D6F0354BA2C}.Debug|Any CPU.Build.0 = Debug|Any CPU
		{0974351E-8B26-4B3C-8C4D-7D6F0354BA2C}.Debug|Mixed Platforms.ActiveCfg = Debug|Any CPU
		{0974351E-8B26-4B3C-8C4D-7D6F0354BA2C}.Debug|Mixed Platforms.Build.0 = Debug|Any CPU
		{0974351E-8B26-4B3C-8C4D-7D6F0354BA2C}.Debug|x86.ActiveCfg = Debug|Any CPU
		{0974351E-8B26-4B3C-8C4D-7D6F0354BA2C}.Release|Any CPU.ActiveCfg = Release|Any CPU
		{0974351E-8B26-4B3C-8C4D-7D6F0354BA2C}.Release|Any CPU.Build.0 = Release|Any CPU
		{0974351E-8B26-4B3C-8C4D-7D6F0354BA2C}.Release|Mixed Platforms.ActiveCfg = Release|Any CPU
		{0974351E-8B26-4B3C-8C4D-7D6F0354BA2C}.Release|Mixed Platforms.Build.0 = Release|Any CPU
		{0974351E-8B26-4B3C-8C4D-7D6F0354BA2C}.Release|x86.ActiveCfg = Release|Any CPU
		{2E67AA78-6780-42BD-A3AB-AD953781E511}.Debug|Any CPU.ActiveCfg = Debug|Any CPU
		{2E67AA78-6780-42BD-A3AB-AD953781E511}.Debug|Any CPU.Build.0 = Debug|Any CPU
		{2E67AA78-6780-42BD-A3AB-AD953781E511}.Debug|Mixed Platforms.ActiveCfg = Debug|Any CPU
		{2E67AA78-6780-42BD-A3AB-AD953781E511}.Debug|Mixed Platforms.Build.0 = Debug|Any CPU
		{2E67AA78-6780-42BD-A3AB-AD953781E511}.Debug|x86.ActiveCfg = Debug|Any CPU
		{2E67AA78-6780-42BD-A3AB-AD953781E511}.Release|Any CPU.ActiveCfg = Release|Any CPU
		{2E67AA78-6780-42BD-A3AB-AD953781E511}.Release|Any CPU.Build.0 = Release|Any CPU
		{2E67AA78-6780-42BD-A3AB-AD953781E511}.Release|Mixed Platforms.ActiveCfg = Release|Any CPU
		{2E67AA78-6780-42BD-A3AB-AD953781E511}.Release|Mixed Platforms.Build.0 = Release|Any CPU
		{2E67AA78-6780-42BD-A3AB-AD953781E511}.Release|x86.ActiveCfg = Release|Any CPU
		{0D1C0821-004D-4D6B-BB6C-F561895DCC4E}.Debug|Any CPU.ActiveCfg = Debug|Any CPU
		{0D1C0821-004D-4D6B-BB6C-F561895DCC4E}.Debug|Any CPU.Build.0 = Debug|Any CPU
		{0D1C0821-004D-4D6B-BB6C-F561895DCC4E}.Debug|Mixed Platforms.ActiveCfg = Debug|Any CPU
		{0D1C0821-004D-4D6B-BB6C-F561895DCC4E}.Debug|Mixed Platforms.Build.0 = Debug|Any CPU
		{0D1C0821-004D-4D6B-BB6C-F561895DCC4E}.Debug|x86.ActiveCfg = Debug|Any CPU
		{0D1C0821-004D-4D6B-BB6C-F561895DCC4E}.Release|Any CPU.ActiveCfg = Debug|Any CPU
		{0D1C0821-004D-4D6B-BB6C-F561895DCC4E}.Release|Any CPU.Build.0 = Debug|Any CPU
		{0D1C0821-004D-4D6B-BB6C-F561895DCC4E}.Release|Mixed Platforms.ActiveCfg = Debug|Any CPU
		{0D1C0821-004D-4D6B-BB6C-F561895DCC4E}.Release|Mixed Platforms.Build.0 = Debug|Any CPU
		{0D1C0821-004D-4D6B-BB6C-F561895DCC4E}.Release|x86.ActiveCfg = Debug|Any CPU
		{84187F7C-DD53-4895-A7FF-191E76756009}.Debug|Any CPU.ActiveCfg = Debug|Any CPU
		{84187F7C-DD53-4895-A7FF-191E76756009}.Debug|Any CPU.Build.0 = Debug|Any CPU
		{84187F7C-DD53-4895-A7FF-191E76756009}.Debug|Mixed Platforms.ActiveCfg = Debug|Any CPU
		{84187F7C-DD53-4895-A7FF-191E76756009}.Debug|Mixed Platforms.Build.0 = Debug|Any CPU
		{84187F7C-DD53-4895-A7FF-191E76756009}.Debug|x86.ActiveCfg = Debug|Any CPU
		{84187F7C-DD53-4895-A7FF-191E76756009}.Release|Any CPU.ActiveCfg = Release|Any CPU
		{84187F7C-DD53-4895-A7FF-191E76756009}.Release|Any CPU.Build.0 = Release|Any CPU
		{84187F7C-DD53-4895-A7FF-191E76756009}.Release|Mixed Platforms.ActiveCfg = Release|Any CPU
		{84187F7C-DD53-4895-A7FF-191E76756009}.Release|Mixed Platforms.Build.0 = Release|Any CPU
		{84187F7C-DD53-4895-A7FF-191E76756009}.Release|x86.ActiveCfg = Release|Any CPU
		{F8D0123D-2E12-4FC6-8A84-EECC0447F8CC}.Debug|Any CPU.ActiveCfg = Debug|Any CPU
		{F8D0123D-2E12-4FC6-8A84-EECC0447F8CC}.Debug|Any CPU.Build.0 = Debug|Any CPU
		{F8D0123D-2E12-4FC6-8A84-EECC0447F8CC}.Debug|Mixed Platforms.ActiveCfg = Debug|Any CPU
		{F8D0123D-2E12-4FC6-8A84-EECC0447F8CC}.Debug|Mixed Platforms.Build.0 = Debug|Any CPU
		{F8D0123D-2E12-4FC6-8A84-EECC0447F8CC}.Debug|x86.ActiveCfg = Debug|Any CPU
		{F8D0123D-2E12-4FC6-8A84-EECC0447F8CC}.Release|Any CPU.ActiveCfg = Release|Any CPU
		{F8D0123D-2E12-4FC6-8A84-EECC0447F8CC}.Release|Any CPU.Build.0 = Release|Any CPU
		{F8D0123D-2E12-4FC6-8A84-EECC0447F8CC}.Release|Mixed Platforms.ActiveCfg = Release|Any CPU
		{F8D0123D-2E12-4FC6-8A84-EECC0447F8CC}.Release|Mixed Platforms.Build.0 = Release|Any CPU
		{F8D0123D-2E12-4FC6-8A84-EECC0447F8CC}.Release|x86.ActiveCfg = Release|Any CPU
		{1E9AFB04-A32C-4FE9-8673-59E9F8F38DB6}.Debug|Any CPU.ActiveCfg = Debug|Any CPU
		{1E9AFB04-A32C-4FE9-8673-59E9F8F38DB6}.Debug|Any CPU.Build.0 = Debug|Any CPU
		{1E9AFB04-A32C-4FE9-8673-59E9F8F38DB6}.Debug|Mixed Platforms.ActiveCfg = Debug|Any CPU
		{1E9AFB04-A32C-4FE9-8673-59E9F8F38DB6}.Debug|Mixed Platforms.Build.0 = Debug|Any CPU
		{1E9AFB04-A32C-4FE9-8673-59E9F8F38DB6}.Debug|x86.ActiveCfg = Debug|Any CPU
		{1E9AFB04-A32C-4FE9-8673-59E9F8F38DB6}.Release|Any CPU.ActiveCfg = Debug|Any CPU
		{1E9AFB04-A32C-4FE9-8673-59E9F8F38DB6}.Release|Any CPU.Build.0 = Debug|Any CPU
		{1E9AFB04-A32C-4FE9-8673-59E9F8F38DB6}.Release|Mixed Platforms.ActiveCfg = Debug|Any CPU
		{1E9AFB04-A32C-4FE9-8673-59E9F8F38DB6}.Release|Mixed Platforms.Build.0 = Debug|Any CPU
		{1E9AFB04-A32C-4FE9-8673-59E9F8F38DB6}.Release|x86.ActiveCfg = Debug|Any CPU
		{0122C6D5-6348-4B65-88B7-3C43A6E642F3}.Debug|Any CPU.ActiveCfg = Debug|Any CPU
		{0122C6D5-6348-4B65-88B7-3C43A6E642F3}.Debug|Any CPU.Build.0 = Debug|Any CPU
		{0122C6D5-6348-4B65-88B7-3C43A6E642F3}.Debug|Mixed Platforms.ActiveCfg = Debug|Any CPU
		{0122C6D5-6348-4B65-88B7-3C43A6E642F3}.Debug|Mixed Platforms.Build.0 = Debug|Any CPU
		{0122C6D5-6348-4B65-88B7-3C43A6E642F3}.Debug|x86.ActiveCfg = Debug|Any CPU
		{0122C6D5-6348-4B65-88B7-3C43A6E642F3}.Release|Any CPU.ActiveCfg = Release|Any CPU
		{0122C6D5-6348-4B65-88B7-3C43A6E642F3}.Release|Any CPU.Build.0 = Release|Any CPU
		{0122C6D5-6348-4B65-88B7-3C43A6E642F3}.Release|Mixed Platforms.ActiveCfg = Release|Any CPU
		{0122C6D5-6348-4B65-88B7-3C43A6E642F3}.Release|Mixed Platforms.Build.0 = Release|Any CPU
		{0122C6D5-6348-4B65-88B7-3C43A6E642F3}.Release|x86.ActiveCfg = Release|Any CPU
		{4A1A2BC3-DB56-4652-8870-FC7C15FCEC1C}.Debug|Any CPU.ActiveCfg = Debug|Any CPU
		{4A1A2BC3-DB56-4652-8870-FC7C15FCEC1C}.Debug|Any CPU.Build.0 = Debug|Any CPU
		{4A1A2BC3-DB56-4652-8870-FC7C15FCEC1C}.Debug|Mixed Platforms.ActiveCfg = Debug|Any CPU
		{4A1A2BC3-DB56-4652-8870-FC7C15FCEC1C}.Debug|Mixed Platforms.Build.0 = Debug|Any CPU
		{4A1A2BC3-DB56-4652-8870-FC7C15FCEC1C}.Debug|x86.ActiveCfg = Debug|Any CPU
		{4A1A2BC3-DB56-4652-8870-FC7C15FCEC1C}.Release|Any CPU.ActiveCfg = Debug|Any CPU
		{4A1A2BC3-DB56-4652-8870-FC7C15FCEC1C}.Release|Any CPU.Build.0 = Debug|Any CPU
		{4A1A2BC3-DB56-4652-8870-FC7C15FCEC1C}.Release|Mixed Platforms.ActiveCfg = Debug|Any CPU
		{4A1A2BC3-DB56-4652-8870-FC7C15FCEC1C}.Release|Mixed Platforms.Build.0 = Debug|Any CPU
		{4A1A2BC3-DB56-4652-8870-FC7C15FCEC1C}.Release|x86.ActiveCfg = Debug|Any CPU
		{61F5098D-3C49-4229-956C-E8BF0080A2D5}.Debug|Any CPU.ActiveCfg = Debug|Any CPU
		{61F5098D-3C49-4229-956C-E8BF0080A2D5}.Debug|Any CPU.Build.0 = Debug|Any CPU
		{61F5098D-3C49-4229-956C-E8BF0080A2D5}.Debug|Mixed Platforms.ActiveCfg = Debug|Any CPU
		{61F5098D-3C49-4229-956C-E8BF0080A2D5}.Debug|Mixed Platforms.Build.0 = Debug|Any CPU
		{61F5098D-3C49-4229-956C-E8BF0080A2D5}.Debug|x86.ActiveCfg = Debug|Any CPU
		{61F5098D-3C49-4229-956C-E8BF0080A2D5}.Release|Any CPU.ActiveCfg = Release|Any CPU
		{61F5098D-3C49-4229-956C-E8BF0080A2D5}.Release|Any CPU.Build.0 = Release|Any CPU
		{61F5098D-3C49-4229-956C-E8BF0080A2D5}.Release|Mixed Platforms.ActiveCfg = Release|Any CPU
		{61F5098D-3C49-4229-956C-E8BF0080A2D5}.Release|Mixed Platforms.Build.0 = Release|Any CPU
		{61F5098D-3C49-4229-956C-E8BF0080A2D5}.Release|x86.ActiveCfg = Release|Any CPU
		{6A05019E-F3EA-460A-BC05-0336EB3BFCF4}.Debug|Any CPU.ActiveCfg = Debug|x86
		{6A05019E-F3EA-460A-BC05-0336EB3BFCF4}.Debug|Any CPU.Build.0 = Debug|x86
		{6A05019E-F3EA-460A-BC05-0336EB3BFCF4}.Debug|Mixed Platforms.ActiveCfg = Debug|x86
		{6A05019E-F3EA-460A-BC05-0336EB3BFCF4}.Debug|Mixed Platforms.Build.0 = Debug|x86
		{6A05019E-F3EA-460A-BC05-0336EB3BFCF4}.Debug|x86.ActiveCfg = Debug|x86
		{6A05019E-F3EA-460A-BC05-0336EB3BFCF4}.Debug|x86.Build.0 = Debug|x86
		{6A05019E-F3EA-460A-BC05-0336EB3BFCF4}.Release|Any CPU.ActiveCfg = Release|x86
		{6A05019E-F3EA-460A-BC05-0336EB3BFCF4}.Release|Mixed Platforms.ActiveCfg = Release|x86
		{6A05019E-F3EA-460A-BC05-0336EB3BFCF4}.Release|Mixed Platforms.Build.0 = Release|x86
		{6A05019E-F3EA-460A-BC05-0336EB3BFCF4}.Release|x86.ActiveCfg = Release|x86
		{6A05019E-F3EA-460A-BC05-0336EB3BFCF4}.Release|x86.Build.0 = Release|x86
		{BE4F5CD3-E748-46D9-A9D0-941EF2FA3CDB}.Debug|Any CPU.ActiveCfg = Debug|x86
		{BE4F5CD3-E748-46D9-A9D0-941EF2FA3CDB}.Debug|Any CPU.Build.0 = Debug|x86
		{BE4F5CD3-E748-46D9-A9D0-941EF2FA3CDB}.Debug|Mixed Platforms.ActiveCfg = Debug|x86
		{BE4F5CD3-E748-46D9-A9D0-941EF2FA3CDB}.Debug|Mixed Platforms.Build.0 = Debug|x86
		{BE4F5CD3-E748-46D9-A9D0-941EF2FA3CDB}.Debug|x86.ActiveCfg = Debug|x86
		{BE4F5CD3-E748-46D9-A9D0-941EF2FA3CDB}.Debug|x86.Build.0 = Debug|x86
		{BE4F5CD3-E748-46D9-A9D0-941EF2FA3CDB}.Release|Any CPU.ActiveCfg = Release|x86
		{BE4F5CD3-E748-46D9-A9D0-941EF2FA3CDB}.Release|Mixed Platforms.ActiveCfg = Release|x86
		{BE4F5CD3-E748-46D9-A9D0-941EF2FA3CDB}.Release|Mixed Platforms.Build.0 = Release|x86
		{BE4F5CD3-E748-46D9-A9D0-941EF2FA3CDB}.Release|x86.ActiveCfg = Release|x86
		{BE4F5CD3-E748-46D9-A9D0-941EF2FA3CDB}.Release|x86.Build.0 = Release|x86
		{755EEA8C-9D5E-406E-83DD-36B3BA4EB158}.Debug|Any CPU.ActiveCfg = Debug|Any CPU
		{755EEA8C-9D5E-406E-83DD-36B3BA4EB158}.Debug|Any CPU.Build.0 = Debug|Any CPU
		{755EEA8C-9D5E-406E-83DD-36B3BA4EB158}.Debug|Mixed Platforms.ActiveCfg = Debug|Any CPU
		{755EEA8C-9D5E-406E-83DD-36B3BA4EB158}.Debug|Mixed Platforms.Build.0 = Debug|Any CPU
		{755EEA8C-9D5E-406E-83DD-36B3BA4EB158}.Debug|x86.ActiveCfg = Debug|Any CPU
		{755EEA8C-9D5E-406E-83DD-36B3BA4EB158}.Release|Any CPU.ActiveCfg = Release|Any CPU
		{755EEA8C-9D5E-406E-83DD-36B3BA4EB158}.Release|Any CPU.Build.0 = Release|Any CPU
		{755EEA8C-9D5E-406E-83DD-36B3BA4EB158}.Release|Mixed Platforms.ActiveCfg = Release|Any CPU
		{755EEA8C-9D5E-406E-83DD-36B3BA4EB158}.Release|Mixed Platforms.Build.0 = Release|Any CPU
		{755EEA8C-9D5E-406E-83DD-36B3BA4EB158}.Release|x86.ActiveCfg = Release|Any CPU
		{5AC8D7DE-A53D-4698-8957-C78D9243A793}.Debug|Any CPU.ActiveCfg = Debug|Any CPU
		{5AC8D7DE-A53D-4698-8957-C78D9243A793}.Debug|Any CPU.Build.0 = Debug|Any CPU
		{5AC8D7DE-A53D-4698-8957-C78D9243A793}.Debug|Mixed Platforms.ActiveCfg = Debug|Any CPU
		{5AC8D7DE-A53D-4698-8957-C78D9243A793}.Debug|Mixed Platforms.Build.0 = Debug|Any CPU
		{5AC8D7DE-A53D-4698-8957-C78D9243A793}.Debug|x86.ActiveCfg = Debug|Any CPU
		{5AC8D7DE-A53D-4698-8957-C78D9243A793}.Release|Any CPU.ActiveCfg = Release|Any CPU
		{5AC8D7DE-A53D-4698-8957-C78D9243A793}.Release|Any CPU.Build.0 = Release|Any CPU
		{5AC8D7DE-A53D-4698-8957-C78D9243A793}.Release|Mixed Platforms.ActiveCfg = Release|Any CPU
		{5AC8D7DE-A53D-4698-8957-C78D9243A793}.Release|Mixed Platforms.Build.0 = Release|Any CPU
		{5AC8D7DE-A53D-4698-8957-C78D9243A793}.Release|x86.ActiveCfg = Release|Any CPU
		{820A465F-51FB-4F8D-8665-B80F9643281B}.Debug|Any CPU.ActiveCfg = Debug|Any CPU
		{820A465F-51FB-4F8D-8665-B80F9643281B}.Debug|Any CPU.Build.0 = Debug|Any CPU
		{820A465F-51FB-4F8D-8665-B80F9643281B}.Debug|Mixed Platforms.ActiveCfg = Debug|Any CPU
		{820A465F-51FB-4F8D-8665-B80F9643281B}.Debug|Mixed Platforms.Build.0 = Debug|Any CPU
		{820A465F-51FB-4F8D-8665-B80F9643281B}.Debug|x86.ActiveCfg = Debug|Any CPU
		{820A465F-51FB-4F8D-8665-B80F9643281B}.Release|Any CPU.ActiveCfg = Release|Any CPU
		{820A465F-51FB-4F8D-8665-B80F9643281B}.Release|Any CPU.Build.0 = Release|Any CPU
		{820A465F-51FB-4F8D-8665-B80F9643281B}.Release|Mixed Platforms.ActiveCfg = Release|Any CPU
		{820A465F-51FB-4F8D-8665-B80F9643281B}.Release|Mixed Platforms.Build.0 = Release|Any CPU
		{820A465F-51FB-4F8D-8665-B80F9643281B}.Release|x86.ActiveCfg = Release|Any CPU
		{125F0D3B-E83C-4743-9944-E82392CBA6C5}.Debug|Any CPU.ActiveCfg = Debug|Any CPU
		{125F0D3B-E83C-4743-9944-E82392CBA6C5}.Debug|Any CPU.Build.0 = Debug|Any CPU
		{125F0D3B-E83C-4743-9944-E82392CBA6C5}.Debug|Mixed Platforms.ActiveCfg = Debug|Any CPU
		{125F0D3B-E83C-4743-9944-E82392CBA6C5}.Debug|Mixed Platforms.Build.0 = Debug|Any CPU
		{125F0D3B-E83C-4743-9944-E82392CBA6C5}.Debug|x86.ActiveCfg = Debug|Any CPU
		{125F0D3B-E83C-4743-9944-E82392CBA6C5}.Release|Any CPU.ActiveCfg = Release|Any CPU
		{125F0D3B-E83C-4743-9944-E82392CBA6C5}.Release|Any CPU.Build.0 = Release|Any CPU
		{125F0D3B-E83C-4743-9944-E82392CBA6C5}.Release|Mixed Platforms.ActiveCfg = Release|Any CPU
		{125F0D3B-E83C-4743-9944-E82392CBA6C5}.Release|Mixed Platforms.Build.0 = Release|Any CPU
		{125F0D3B-E83C-4743-9944-E82392CBA6C5}.Release|x86.ActiveCfg = Release|Any CPU
		{0550CABB-3957-45CC-8CC6-9FBEA653B20D}.Debug|Any CPU.ActiveCfg = Debug|x86
		{0550CABB-3957-45CC-8CC6-9FBEA653B20D}.Debug|Any CPU.Build.0 = Debug|x86
		{0550CABB-3957-45CC-8CC6-9FBEA653B20D}.Debug|Mixed Platforms.ActiveCfg = Debug|x86
		{0550CABB-3957-45CC-8CC6-9FBEA653B20D}.Debug|Mixed Platforms.Build.0 = Debug|x86
		{0550CABB-3957-45CC-8CC6-9FBEA653B20D}.Debug|x86.ActiveCfg = Debug|x86
		{0550CABB-3957-45CC-8CC6-9FBEA653B20D}.Debug|x86.Build.0 = Debug|x86
		{0550CABB-3957-45CC-8CC6-9FBEA653B20D}.Release|Any CPU.ActiveCfg = Release|x86
		{0550CABB-3957-45CC-8CC6-9FBEA653B20D}.Release|Mixed Platforms.ActiveCfg = Release|x86
		{0550CABB-3957-45CC-8CC6-9FBEA653B20D}.Release|Mixed Platforms.Build.0 = Release|x86
		{0550CABB-3957-45CC-8CC6-9FBEA653B20D}.Release|x86.ActiveCfg = Release|x86
		{0550CABB-3957-45CC-8CC6-9FBEA653B20D}.Release|x86.Build.0 = Release|x86
		{74F0963E-57CA-4D57-899C-D85FF096FE1F}.Debug|Any CPU.ActiveCfg = Debug|Any CPU
		{74F0963E-57CA-4D57-899C-D85FF096FE1F}.Debug|Any CPU.Build.0 = Debug|Any CPU
		{74F0963E-57CA-4D57-899C-D85FF096FE1F}.Debug|Mixed Platforms.ActiveCfg = Debug|Any CPU
		{74F0963E-57CA-4D57-899C-D85FF096FE1F}.Debug|Mixed Platforms.Build.0 = Debug|Any CPU
		{74F0963E-57CA-4D57-899C-D85FF096FE1F}.Debug|x86.ActiveCfg = Debug|Any CPU
		{74F0963E-57CA-4D57-899C-D85FF096FE1F}.Release|Any CPU.ActiveCfg = Release|Any CPU
		{74F0963E-57CA-4D57-899C-D85FF096FE1F}.Release|Any CPU.Build.0 = Release|Any CPU
		{74F0963E-57CA-4D57-899C-D85FF096FE1F}.Release|Mixed Platforms.ActiveCfg = Release|Any CPU
		{74F0963E-57CA-4D57-899C-D85FF096FE1F}.Release|Mixed Platforms.Build.0 = Release|Any CPU
		{74F0963E-57CA-4D57-899C-D85FF096FE1F}.Release|x86.ActiveCfg = Release|Any CPU
		{A871C9E1-98A4-412F-A1B3-541189A4C4CF}.Debug|Any CPU.ActiveCfg = Debug|Any CPU
		{A871C9E1-98A4-412F-A1B3-541189A4C4CF}.Debug|Any CPU.Build.0 = Debug|Any CPU
		{A871C9E1-98A4-412F-A1B3-541189A4C4CF}.Debug|Mixed Platforms.ActiveCfg = Debug|Any CPU
		{A871C9E1-98A4-412F-A1B3-541189A4C4CF}.Debug|Mixed Platforms.Build.0 = Debug|Any CPU
		{A871C9E1-98A4-412F-A1B3-541189A4C4CF}.Debug|x86.ActiveCfg = Debug|Any CPU
		{A871C9E1-98A4-412F-A1B3-541189A4C4CF}.Release|Any CPU.ActiveCfg = Release|Any CPU
		{A871C9E1-98A4-412F-A1B3-541189A4C4CF}.Release|Any CPU.Build.0 = Release|Any CPU
		{A871C9E1-98A4-412F-A1B3-541189A4C4CF}.Release|Mixed Platforms.ActiveCfg = Release|Any CPU
		{A871C9E1-98A4-412F-A1B3-541189A4C4CF}.Release|Mixed Platforms.Build.0 = Release|Any CPU
		{A871C9E1-98A4-412F-A1B3-541189A4C4CF}.Release|x86.ActiveCfg = Release|Any CPU
		{D7AA114D-AD19-4399-B152-969D240053C7}.Debug|Any CPU.ActiveCfg = Debug|Any CPU
		{D7AA114D-AD19-4399-B152-969D240053C7}.Debug|Any CPU.Build.0 = Debug|Any CPU
		{D7AA114D-AD19-4399-B152-969D240053C7}.Debug|Mixed Platforms.ActiveCfg = Debug|Any CPU
		{D7AA114D-AD19-4399-B152-969D240053C7}.Debug|Mixed Platforms.Build.0 = Debug|Any CPU
		{D7AA114D-AD19-4399-B152-969D240053C7}.Debug|x86.ActiveCfg = Debug|Any CPU
		{D7AA114D-AD19-4399-B152-969D240053C7}.Release|Any CPU.ActiveCfg = Release|Any CPU
		{D7AA114D-AD19-4399-B152-969D240053C7}.Release|Any CPU.Build.0 = Release|Any CPU
		{D7AA114D-AD19-4399-B152-969D240053C7}.Release|Mixed Platforms.ActiveCfg = Release|Any CPU
		{D7AA114D-AD19-4399-B152-969D240053C7}.Release|Mixed Platforms.Build.0 = Release|Any CPU
		{D7AA114D-AD19-4399-B152-969D240053C7}.Release|x86.ActiveCfg = Release|Any CPU
		{9920DA22-589C-4193-AEAA-363D5C029DFC}.Debug|Any CPU.ActiveCfg = Debug|Any CPU
		{9920DA22-589C-4193-AEAA-363D5C029DFC}.Debug|Any CPU.Build.0 = Debug|Any CPU
		{9920DA22-589C-4193-AEAA-363D5C029DFC}.Debug|Mixed Platforms.ActiveCfg = Debug|Any CPU
		{9920DA22-589C-4193-AEAA-363D5C029DFC}.Debug|Mixed Platforms.Build.0 = Debug|Any CPU
		{9920DA22-589C-4193-AEAA-363D5C029DFC}.Debug|x86.ActiveCfg = Debug|Any CPU
		{9920DA22-589C-4193-AEAA-363D5C029DFC}.Debug|x86.Build.0 = Debug|Any CPU
		{9920DA22-589C-4193-AEAA-363D5C029DFC}.Release|Any CPU.ActiveCfg = Release|Any CPU
		{9920DA22-589C-4193-AEAA-363D5C029DFC}.Release|Any CPU.Build.0 = Release|Any CPU
		{9920DA22-589C-4193-AEAA-363D5C029DFC}.Release|Mixed Platforms.ActiveCfg = Release|Any CPU
		{9920DA22-589C-4193-AEAA-363D5C029DFC}.Release|Mixed Platforms.Build.0 = Release|Any CPU
		{9920DA22-589C-4193-AEAA-363D5C029DFC}.Release|x86.ActiveCfg = Release|Any CPU
		{9920DA22-589C-4193-AEAA-363D5C029DFC}.Release|x86.Build.0 = Release|Any CPU
		{8970D254-2FE4-4028-81DA-F4311DCB6682}.Debug|Any CPU.ActiveCfg = Debug|Any CPU
		{8970D254-2FE4-4028-81DA-F4311DCB6682}.Debug|Any CPU.Build.0 = Debug|Any CPU
		{8970D254-2FE4-4028-81DA-F4311DCB6682}.Debug|Mixed Platforms.ActiveCfg = Debug|Any CPU
		{8970D254-2FE4-4028-81DA-F4311DCB6682}.Debug|Mixed Platforms.Build.0 = Debug|Any CPU
		{8970D254-2FE4-4028-81DA-F4311DCB6682}.Debug|x86.ActiveCfg = Debug|Any CPU
		{8970D254-2FE4-4028-81DA-F4311DCB6682}.Debug|x86.Build.0 = Debug|Any CPU
		{8970D254-2FE4-4028-81DA-F4311DCB6682}.Release|Any CPU.ActiveCfg = Release|Any CPU
		{8970D254-2FE4-4028-81DA-F4311DCB6682}.Release|Any CPU.Build.0 = Release|Any CPU
		{8970D254-2FE4-4028-81DA-F4311DCB6682}.Release|Mixed Platforms.ActiveCfg = Release|Any CPU
		{8970D254-2FE4-4028-81DA-F4311DCB6682}.Release|Mixed Platforms.Build.0 = Release|Any CPU
		{8970D254-2FE4-4028-81DA-F4311DCB6682}.Release|x86.ActiveCfg = Release|Any CPU
		{8970D254-2FE4-4028-81DA-F4311DCB6682}.Release|x86.Build.0 = Release|Any CPU
		{1F8122C3-D5DC-4106-95AD-E0ECD9BE91EB}.Debug|Any CPU.ActiveCfg = Debug|Any CPU
		{1F8122C3-D5DC-4106-95AD-E0ECD9BE91EB}.Debug|Any CPU.Build.0 = Debug|Any CPU
		{1F8122C3-D5DC-4106-95AD-E0ECD9BE91EB}.Debug|Mixed Platforms.ActiveCfg = Debug|Any CPU
		{1F8122C3-D5DC-4106-95AD-E0ECD9BE91EB}.Debug|Mixed Platforms.Build.0 = Debug|Any CPU
		{1F8122C3-D5DC-4106-95AD-E0ECD9BE91EB}.Debug|x86.ActiveCfg = Debug|Any CPU
		{1F8122C3-D5DC-4106-95AD-E0ECD9BE91EB}.Debug|x86.Build.0 = Debug|Any CPU
		{1F8122C3-D5DC-4106-95AD-E0ECD9BE91EB}.Release|Any CPU.ActiveCfg = Debug|Any CPU
		{1F8122C3-D5DC-4106-95AD-E0ECD9BE91EB}.Release|Any CPU.Build.0 = Debug|Any CPU
		{1F8122C3-D5DC-4106-95AD-E0ECD9BE91EB}.Release|Mixed Platforms.ActiveCfg = Debug|Any CPU
		{1F8122C3-D5DC-4106-95AD-E0ECD9BE91EB}.Release|Mixed Platforms.Build.0 = Debug|Any CPU
		{1F8122C3-D5DC-4106-95AD-E0ECD9BE91EB}.Release|x86.ActiveCfg = Debug|Any CPU
		{1F8122C3-D5DC-4106-95AD-E0ECD9BE91EB}.Release|x86.Build.0 = Debug|Any CPU
		{CBCC23E1-62A9-46BC-9EBD-3D0C3CB37C89}.Debug|Any CPU.ActiveCfg = Debug|Any CPU
		{CBCC23E1-62A9-46BC-9EBD-3D0C3CB37C89}.Debug|Any CPU.Build.0 = Debug|Any CPU
		{CBCC23E1-62A9-46BC-9EBD-3D0C3CB37C89}.Debug|Mixed Platforms.ActiveCfg = Debug|Any CPU
		{CBCC23E1-62A9-46BC-9EBD-3D0C3CB37C89}.Debug|Mixed Platforms.Build.0 = Debug|Any CPU
		{CBCC23E1-62A9-46BC-9EBD-3D0C3CB37C89}.Debug|x86.ActiveCfg = Debug|Any CPU
		{CBCC23E1-62A9-46BC-9EBD-3D0C3CB37C89}.Debug|x86.Build.0 = Debug|Any CPU
		{CBCC23E1-62A9-46BC-9EBD-3D0C3CB37C89}.Release|Any CPU.ActiveCfg = Release|Any CPU
		{CBCC23E1-62A9-46BC-9EBD-3D0C3CB37C89}.Release|Any CPU.Build.0 = Release|Any CPU
		{CBCC23E1-62A9-46BC-9EBD-3D0C3CB37C89}.Release|Mixed Platforms.ActiveCfg = Release|Any CPU
		{CBCC23E1-62A9-46BC-9EBD-3D0C3CB37C89}.Release|Mixed Platforms.Build.0 = Release|Any CPU
		{CBCC23E1-62A9-46BC-9EBD-3D0C3CB37C89}.Release|x86.ActiveCfg = Release|Any CPU
		{CBCC23E1-62A9-46BC-9EBD-3D0C3CB37C89}.Release|x86.Build.0 = Release|Any CPU
		{FBEC30ED-52CD-49B0-B767-B2EC013796A4}.Debug|Any CPU.ActiveCfg = Debug|Any CPU
		{FBEC30ED-52CD-49B0-B767-B2EC013796A4}.Debug|Any CPU.Build.0 = Debug|Any CPU
		{FBEC30ED-52CD-49B0-B767-B2EC013796A4}.Debug|Mixed Platforms.ActiveCfg = Debug|Any CPU
		{FBEC30ED-52CD-49B0-B767-B2EC013796A4}.Debug|Mixed Platforms.Build.0 = Debug|Any CPU
		{FBEC30ED-52CD-49B0-B767-B2EC013796A4}.Debug|x86.ActiveCfg = Debug|Any CPU
		{FBEC30ED-52CD-49B0-B767-B2EC013796A4}.Debug|x86.Build.0 = Debug|Any CPU
		{FBEC30ED-52CD-49B0-B767-B2EC013796A4}.Release|Any CPU.ActiveCfg = Debug|Any CPU
		{FBEC30ED-52CD-49B0-B767-B2EC013796A4}.Release|Any CPU.Build.0 = Debug|Any CPU
		{FBEC30ED-52CD-49B0-B767-B2EC013796A4}.Release|Mixed Platforms.ActiveCfg = Debug|Any CPU
		{FBEC30ED-52CD-49B0-B767-B2EC013796A4}.Release|Mixed Platforms.Build.0 = Debug|Any CPU
		{FBEC30ED-52CD-49B0-B767-B2EC013796A4}.Release|x86.ActiveCfg = Debug|Any CPU
		{FBEC30ED-52CD-49B0-B767-B2EC013796A4}.Release|x86.Build.0 = Debug|Any CPU
		{CD89BA9A-21E1-4BD3-A7FD-3CB8B93A91C6}.Debug|Any CPU.ActiveCfg = Debug|Any CPU
		{CD89BA9A-21E1-4BD3-A7FD-3CB8B93A91C6}.Debug|Any CPU.Build.0 = Debug|Any CPU
		{CD89BA9A-21E1-4BD3-A7FD-3CB8B93A91C6}.Debug|Mixed Platforms.ActiveCfg = Debug|Any CPU
		{CD89BA9A-21E1-4BD3-A7FD-3CB8B93A91C6}.Debug|Mixed Platforms.Build.0 = Debug|Any CPU
		{CD89BA9A-21E1-4BD3-A7FD-3CB8B93A91C6}.Debug|x86.ActiveCfg = Debug|Any CPU
		{CD89BA9A-21E1-4BD3-A7FD-3CB8B93A91C6}.Debug|x86.Build.0 = Debug|Any CPU
		{CD89BA9A-21E1-4BD3-A7FD-3CB8B93A91C6}.Release|Any CPU.ActiveCfg = Release|Any CPU
		{CD89BA9A-21E1-4BD3-A7FD-3CB8B93A91C6}.Release|Any CPU.Build.0 = Release|Any CPU
		{CD89BA9A-21E1-4BD3-A7FD-3CB8B93A91C6}.Release|Mixed Platforms.ActiveCfg = Release|Any CPU
		{CD89BA9A-21E1-4BD3-A7FD-3CB8B93A91C6}.Release|Mixed Platforms.Build.0 = Release|Any CPU
		{CD89BA9A-21E1-4BD3-A7FD-3CB8B93A91C6}.Release|x86.ActiveCfg = Release|Any CPU
		{CD89BA9A-21E1-4BD3-A7FD-3CB8B93A91C6}.Release|x86.Build.0 = Release|Any CPU
		{6819D627-FE58-4E8E-AC89-E0EB01FCFE74}.Debug|Any CPU.ActiveCfg = Debug|Any CPU
		{6819D627-FE58-4E8E-AC89-E0EB01FCFE74}.Debug|Any CPU.Build.0 = Debug|Any CPU
		{6819D627-FE58-4E8E-AC89-E0EB01FCFE74}.Debug|Mixed Platforms.ActiveCfg = Debug|Any CPU
		{6819D627-FE58-4E8E-AC89-E0EB01FCFE74}.Debug|Mixed Platforms.Build.0 = Debug|Any CPU
		{6819D627-FE58-4E8E-AC89-E0EB01FCFE74}.Debug|x86.ActiveCfg = Debug|Any CPU
		{6819D627-FE58-4E8E-AC89-E0EB01FCFE74}.Debug|x86.Build.0 = Debug|Any CPU
		{6819D627-FE58-4E8E-AC89-E0EB01FCFE74}.Release|Any CPU.ActiveCfg = Release|Any CPU
		{6819D627-FE58-4E8E-AC89-E0EB01FCFE74}.Release|Any CPU.Build.0 = Release|Any CPU
		{6819D627-FE58-4E8E-AC89-E0EB01FCFE74}.Release|Mixed Platforms.ActiveCfg = Release|Any CPU
		{6819D627-FE58-4E8E-AC89-E0EB01FCFE74}.Release|Mixed Platforms.Build.0 = Release|Any CPU
		{6819D627-FE58-4E8E-AC89-E0EB01FCFE74}.Release|x86.ActiveCfg = Release|Any CPU
		{6819D627-FE58-4E8E-AC89-E0EB01FCFE74}.Release|x86.Build.0 = Release|Any CPU
		{0B7AB42A-DED4-41A7-8A94-265686227268}.Debug|Any CPU.ActiveCfg = Debug|Any CPU
		{0B7AB42A-DED4-41A7-8A94-265686227268}.Debug|Any CPU.Build.0 = Debug|Any CPU
		{0B7AB42A-DED4-41A7-8A94-265686227268}.Debug|Mixed Platforms.ActiveCfg = Debug|Any CPU
		{0B7AB42A-DED4-41A7-8A94-265686227268}.Debug|Mixed Platforms.Build.0 = Debug|Any CPU
		{0B7AB42A-DED4-41A7-8A94-265686227268}.Debug|x86.ActiveCfg = Debug|Any CPU
		{0B7AB42A-DED4-41A7-8A94-265686227268}.Debug|x86.Build.0 = Debug|Any CPU
		{0B7AB42A-DED4-41A7-8A94-265686227268}.Release|Any CPU.ActiveCfg = Debug|Any CPU
		{0B7AB42A-DED4-41A7-8A94-265686227268}.Release|Any CPU.Build.0 = Debug|Any CPU
		{0B7AB42A-DED4-41A7-8A94-265686227268}.Release|Mixed Platforms.ActiveCfg = Debug|Any CPU
		{0B7AB42A-DED4-41A7-8A94-265686227268}.Release|Mixed Platforms.Build.0 = Debug|Any CPU
		{0B7AB42A-DED4-41A7-8A94-265686227268}.Release|x86.ActiveCfg = Debug|Any CPU
		{0B7AB42A-DED4-41A7-8A94-265686227268}.Release|x86.Build.0 = Debug|Any CPU
		{1BAAD173-A641-435A-AD03-0CD0146674B9}.Debug|Any CPU.ActiveCfg = Debug|Any CPU
		{1BAAD173-A641-435A-AD03-0CD0146674B9}.Debug|Any CPU.Build.0 = Debug|Any CPU
		{1BAAD173-A641-435A-AD03-0CD0146674B9}.Debug|Mixed Platforms.ActiveCfg = Debug|Any CPU
		{1BAAD173-A641-435A-AD03-0CD0146674B9}.Debug|Mixed Platforms.Build.0 = Debug|Any CPU
		{1BAAD173-A641-435A-AD03-0CD0146674B9}.Debug|x86.ActiveCfg = Debug|Any CPU
		{1BAAD173-A641-435A-AD03-0CD0146674B9}.Debug|x86.Build.0 = Debug|Any CPU
		{1BAAD173-A641-435A-AD03-0CD0146674B9}.Release|Any CPU.ActiveCfg = Release|Any CPU
		{1BAAD173-A641-435A-AD03-0CD0146674B9}.Release|Any CPU.Build.0 = Release|Any CPU
		{1BAAD173-A641-435A-AD03-0CD0146674B9}.Release|Mixed Platforms.ActiveCfg = Release|Any CPU
		{1BAAD173-A641-435A-AD03-0CD0146674B9}.Release|Mixed Platforms.Build.0 = Release|Any CPU
		{1BAAD173-A641-435A-AD03-0CD0146674B9}.Release|x86.ActiveCfg = Release|Any CPU
		{1BAAD173-A641-435A-AD03-0CD0146674B9}.Release|x86.Build.0 = Release|Any CPU
	EndGlobalSection
	GlobalSection(SolutionProperties) = preSolution
		HideSolutionNode = FALSE
	EndGlobalSection
	GlobalSection(NestedProjects) = preSolution
		{65578E32-3BC2-4470-8637-6DD1074E4603} = {8C7F0677-6F4E-4C27-B896-6D299BC5E4FA}
		{9FAC3956-8A8F-439C-A2FB-50AEA11792B3} = {65578E32-3BC2-4470-8637-6DD1074E4603}
		{11F98609-4A4B-48CD-9C1A-186883C2C125} = {65578E32-3BC2-4470-8637-6DD1074E4603}
		{0D0BC4F3-F049-4BA6-A937-5BD774E767D9} = {93755A86-D5F0-4296-A8A5-8A054B24D5EB}
		{93755A86-D5F0-4296-A8A5-8A054B24D5EB} = {65578E32-3BC2-4470-8637-6DD1074E4603}
		{16075D17-B45F-4FDE-B48C-FA9534F6FE2D} = {9997B328-FAC6-4192-84BE-BA83D2870CD4}
		{0974351E-8B26-4B3C-8C4D-7D6F0354BA2C} = {5FD3A571-E4B7-413C-A0A3-7725A70CCC15}
		{2E67AA78-6780-42BD-A3AB-AD953781E511} = {5FD3A571-E4B7-413C-A0A3-7725A70CCC15}
		{0D1C0821-004D-4D6B-BB6C-F561895DCC4E} = {9997B328-FAC6-4192-84BE-BA83D2870CD4}
		{84187F7C-DD53-4895-A7FF-191E76756009} = {5FD3A571-E4B7-413C-A0A3-7725A70CCC15}
		{1E9AFB04-A32C-4FE9-8673-59E9F8F38DB6} = {9997B328-FAC6-4192-84BE-BA83D2870CD4}
		{4A1A2BC3-DB56-4652-8870-FC7C15FCEC1C} = {9997B328-FAC6-4192-84BE-BA83D2870CD4}
		{61F5098D-3C49-4229-956C-E8BF0080A2D5} = {9997B328-FAC6-4192-84BE-BA83D2870CD4}
		{6A05019E-F3EA-460A-BC05-0336EB3BFCF4} = {8C7F0677-6F4E-4C27-B896-6D299BC5E4FA}
		{BE4F5CD3-E748-46D9-A9D0-941EF2FA3CDB} = {8C7F0677-6F4E-4C27-B896-6D299BC5E4FA}
		{755EEA8C-9D5E-406E-83DD-36B3BA4EB158} = {8C7F0677-6F4E-4C27-B896-6D299BC5E4FA}
		{5AC8D7DE-A53D-4698-8957-C78D9243A793} = {8C7F0677-6F4E-4C27-B896-6D299BC5E4FA}
		{820A465F-51FB-4F8D-8665-B80F9643281B} = {8C7F0677-6F4E-4C27-B896-6D299BC5E4FA}
		{125F0D3B-E83C-4743-9944-E82392CBA6C5} = {8C7F0677-6F4E-4C27-B896-6D299BC5E4FA}
		{0550CABB-3957-45CC-8CC6-9FBEA653B20D} = {8C7F0677-6F4E-4C27-B896-6D299BC5E4FA}
		{74F0963E-57CA-4D57-899C-D85FF096FE1F} = {8C7F0677-6F4E-4C27-B896-6D299BC5E4FA}
		{A871C9E1-98A4-412F-A1B3-541189A4C4CF} = {8C7F0677-6F4E-4C27-B896-6D299BC5E4FA}
		{D7AA114D-AD19-4399-B152-969D240053C7} = {8C7F0677-6F4E-4C27-B896-6D299BC5E4FA}
		{9920DA22-589C-4193-AEAA-363D5C029DFC} = {77EDA0B0-8985-4ADB-B34C-BBB2BE6B2B44}
		{8970D254-2FE4-4028-81DA-F4311DCB6682} = {77EDA0B0-8985-4ADB-B34C-BBB2BE6B2B44}
		{1F8122C3-D5DC-4106-95AD-E0ECD9BE91EB} = {77EDA0B0-8985-4ADB-B34C-BBB2BE6B2B44}
		{CBCC23E1-62A9-46BC-9EBD-3D0C3CB37C89} = {8C7F0677-6F4E-4C27-B896-6D299BC5E4FA}
		{FBEC30ED-52CD-49B0-B767-B2EC013796A4} = {9997B328-FAC6-4192-84BE-BA83D2870CD4}
		{CD89BA9A-21E1-4BD3-A7FD-3CB8B93A91C6} = {8C7F0677-6F4E-4C27-B896-6D299BC5E4FA}
		{6819D627-FE58-4E8E-AC89-E0EB01FCFE74} = {5FD3A571-E4B7-413C-A0A3-7725A70CCC15}
		{0B7AB42A-DED4-41A7-8A94-265686227268} = {9997B328-FAC6-4192-84BE-BA83D2870CD4}
		{1BAAD173-A641-435A-AD03-0CD0146674B9} = {5FD3A571-E4B7-413C-A0A3-7725A70CCC15}
	EndGlobalSection
	GlobalSection(TestCaseManagementSettings) = postSolution
		CategoryFile = TourGuideExam.vsmdi
	EndGlobalSection
EndGlobal
